{
  "name": "glofas_espana",
  "version": "1.0.0",
  "lockfileVersion": 3,
  "requires": true,
  "packages": {
    "": {
      "name": "glofas_espana",
      "version": "1.0.0",
      "dependencies": {
        "h5wasm": "^0.10.3",
        "pngjs": "^7.0.0"
      }
    },
    "node_modules/h5wasm": {
      "version": "0.10.3",
      "resolved": "https://registry.npmjs.org/h5wasm/-/h5wasm-0.10.3.tgz",
      "integrity": "sha512-W4Jy5ExtX/VNbyD8GdOBckDuj6AL16TemppVNxZsV3rJZEWCv2sxlCzOttZLer3zkMttbDYsWHl0qt1z3Bln+Q==",
      "license": "SEE LICENSE IN LICENSE.txt"
    },
    "node_modules/pngjs": {
      "version": "7.0.0",
      "resolved": "https://registry.npmjs.org/pngjs/-/pngjs-7.0.0.tgz",
      "integrity": "sha512-LKWqWJRhstyYo9pGvgor/ivk2w94eSjE3RGVuzLGlr3NmD8bf7RcYGze1mNdEHRP6TRP6rMuDHk5t44hnTRyow==",
      "license": "MIT",
      "engines": {
        "node": ">=14.19.0"
      }
    }
  }
}
